# DO NOT EDIT MANUALLY - Managed by Fern Replay
version: "1.0"
generations:
  - commit_sha: 4bf57ec2b0c2b8d170a06ccc5b084eb9ca3fba55
    tree_hash: d017d4bba4d9e4c062be5d92eedc787f121205ed
    timestamp: 2026-05-29T12:58:06.809Z
    cli_version: unknown
    generator_versions: {}
current_generation: 4bf57ec2b0c2b8d170a06ccc5b084eb9ca3fba55
patches: []
